Microsoft Visual Studio Solution File, Format Version 12.00
# Visual Studio Version 17
VisualStudioVersion = 17.5.2.0
MinimumVisualStudioVersion = 10.0.40219.1
Project("{FAE04EC0-301F-11D3-BF4B-00C04F79EFBC}") = "PestControlManagement", "PestControlManagement.csproj", "{19CAB9CB-6F90-BCC3-A145-98386B26D7D2}"
EndProject
Global
	GlobalSection(SolutionConfigurationPlatforms) = preSolution
		Debug|Any CPU = Debug|Any CPU
		Release|Any CPU = Release|Any CPU
	EndGlobalSection
	GlobalSection(ProjectConfigurationPlatforms) = postSolution
		{19CAB9CB-6F90-BCC3-A145-98386B26D7D2}.Debug|Any CPU.ActiveCfg = Debug|Any CPU
		{19CAB9CB-6F90-BCC3-A145-98386B26D7D2}.Debug|Any CPU.Build.0 = Debug|Any CPU
		{19CAB9CB-6F90-BCC3-A145-98386B26D7D2}.Release|Any CPU.ActiveCfg = Release|Any CPU
		{19CAB9CB-6F90-BCC3-A145-98386B26D7D2}.Release|Any CPU.Build.0 = Release|Any CPU
	EndGlobalSection
	GlobalSection(SolutionProperties) = preSolution
		HideSolutionNode = FALSE
	EndGlobalSection
	GlobalSection(ExtensibilityGlobals) = postSolution
		SolutionGuid = {D9F557DD-D49E-40C1-9F3E-10ED832D35F8}
	EndGlobalSection
EndGlobal
